
Microsoft Visual Studio Solution File, Format Version 12.00
# Visual Studio Version 16
VisualStudioVersion = 16.0.29709.97
MinimumVisualStudioVersion = 10.0.40219.1
Project("{FAE04EC0-301F-11D3-BF4B-00C04F79EFBC}") = "Console", "Console\Console.csproj", "{02B9E97F-2C72-473A-B947-2D373F5C4950}"
EndProject
Global
	GlobalSection(SolutionConfigurationPlatforms) = preSolution
		Debug|Any CPU = Debug|Any CPU
		Release|Any CPU = Release|Any CPU
	EndGlobalSection
	GlobalSection(ProjectConfigurationPlatforms) = postSolution
		{02B9E97F-2C72-473A-B947-2D373F5C4950}.Debug|Any CPU.ActiveCfg = Debug|Any CPU
		{02B9E97F-2C72-473A-B947-2D373F5C4950}.Debug|Any CPU.Build.0 = Debug|Any CPU
		{02B9E97F-2C72-473A-B947-2D373F5C4950}.Release|Any CPU.ActiveCfg = Release|Any CPU
		{02B9E97F-2C72-473A-B947-2D373F5C4950}.Release|Any CPU.Build.0 = Release|Any CPU
	EndGlobalSection
	GlobalSection(SolutionProperties) = preSolution
		HideSolutionNode = FALSE
	EndGlobalSection
	GlobalSection(ExtensibilityGlobals) = postSolution
		SolutionGuid = {7119A68F-B68B-48B5-A539-36DD16087A82}
	EndGlobalSection
EndGlobal
